// !$*UTF8*$!
{
	archiveVersion = 1;
	classes = {
	};
	objectVersion = 46;
	objects = {

/* Begin PBXBuildFile section */
		4703B7171C944BAF00BBF3B1 /* AppDelegate.swift in Sources */ = {isa = PBXBuildFile; fileRef = 4703B7161C944BAF00BBF3B1 /* AppDelegate.swift */; };
		4703B71C1C944BAF00BBF3B1 /* Main.storyboard in Resources */ = {isa = PBXBuildFile; fileRef = 4703B71A1C944BAF00BBF3B1 /* Main.storyboard */; };
		4703B71E1C944BAF00BBF3B1 /* Assets.xcassets in Resources */ = {isa = PBXBuildFile; fileRef = 4703B71D1C944BAF00BBF3B1 /* Assets.xcassets */; };
		4703B7211C944BAF00BBF3B1 /* LaunchScreen.storyboard in Resources */ = {isa = PBXBuildFile; fileRef = 4703B71F1C944BAF00BBF3B1 /* LaunchScreen.storyboard */; };
		4703B72C1C944BAF00BBF3B1 /* SessionEndsInTests.swift in Sources */ = {isa = PBXBuildFile; fileRef = 4703B72B1C944BAF00BBF3B1 /* SessionEndsInTests.swift */; };
		4703B7371C944BAF00BBF3B1 /* SessionEndsInUITests.swift in Sources */ = {isa = PBXBuildFile; fileRef = 4703B7361C944BAF00BBF3B1 /* SessionEndsInUITests.swift */; };
		476592621C9487D90073E31B /* StartViewController.swift in Sources */ = {isa = PBXBuildFile; fileRef = 476592611C9487D90073E31B /* StartViewController.swift */; };
		476592641C9488B20073E31B /* ActionViewController.swift in Sources */ = {isa = PBXBuildFile; fileRef = 476592631C9488B20073E31B /* ActionViewController.swift */; };
		476592661C94E7430073E31B /* MyButtonProperty.swift in Sources */ = {isa = PBXBuildFile; fileRef = 476592651C94E7430073E31B /* MyButtonProperty.swift */; };
/* End PBXBuildFile section */

/* Begin PBXContainerItemProxy section */
		4703B7281C944BAF00BBF3B1 /* PBXContainerItemProxy */ = {
			isa = PBXContainerItemProxy;
			containerPortal = 4703B70B1C944BAF00BBF3B1 /* Project object */;
			proxyType = 1;
			remoteGlobalIDString = 4703B7121C944BAF00BBF3B1;
			remoteInfo = SessionEndsIn;
		};
		4703B7331C944BAF00BBF3B1 /* PBXContainerItemProxy */ = {
			isa = PBXContainerItemProxy;
			containerPortal = 4703B70B1C944BAF00BBF3B1 /* Project object */;
			proxyType = 1;
			remoteGlobalIDString = 4703B7121C944BAF00BBF3B1;
			remoteInfo = SessionEndsIn;
		};
/* End PBXContainerItemProxy section */

/* Begin PBXFileReference section */
		4703B7131C944BAF00BBF3B1 /* Lecture Ends In.app */ = {isa = PBXFileReference; explicitFileType = wrapper.application; includeInIndex = 0; path = "Lecture Ends In.app"; sourceTree = BUILT_PRODUCTS_DIR; };
		4703B7161C944BAF00BBF3B1 /* AppDelegate.swift */ = {isa = PBXFileReference; lastKnownFileType = sourcecode.swift; path = AppDelegate.swift; sourceTree = "<group>"; };
		4703B71B1C944BAF00BBF3B1 /* Base */ = {isa = PBXFileReference; lastKnownFileType = file.storyboard; name = Base; path = Base.lproj/Main.storyboard; sourceTree = "<group>"; };
		4703B71D1C944BAF00BBF3B1 /* Assets.xcassets */ = {isa = PBXFileReference; lastKnownFileType = folder.assetcatalog; path = Assets.xcassets; sourceTree = "<group>"; };
		4703B7201C944BAF00BBF3B1 /* Base */ = {isa = PBXFileReference; lastKnownFileType = file.storyboard; name = Base; path = Base.lproj/LaunchScreen.storyboard; sourceTree = "<group>"; };
		4703B7221C944BAF00BBF3B1 /* Info.plist */ = {isa = PBXFileReference; lastKnownFileType = text.plist.xml; path = Info.plist; sourceTree = "<group>"; };
		4703B7271C944BAF00BBF3B1 /* SessionEndsInTests.xctest */ = {isa = PBXFileReference; explicitFileType = wrapper.cfbundle; includeInIndex = 0; path = SessionEndsInTests.xctest; sourceTree = BUILT_PRODUCTS_DIR; };
		4703B72B1C944BAF00BBF3B1 /* SessionEndsInTests.swift */ = {isa = PBXFileReference; lastKnownFileType = sourcecode.swift; path = SessionEndsInTests.swift; sourceTree = "<group>"; };
		4703B72D1C944BAF00BBF3B1 /* Info.plist */ = {isa = PBXFileReference; lastKnownFileType = text.plist.xml; path = Info.plist; sourceTree = "<group>"; };
		4703B7321C944BAF00BBF3B1 /* SessionEndsInUITests.xctest */ = {isa = PBXFileReference; explicitFileType = wrapper.cfbundle; includeInIndex = 0; path = SessionEndsInUITests.xctest; sourceTree = BUILT_PRODUCTS_DIR; };
		4703B7361C944BAF00BBF3B1 /* SessionEndsInUITests.swift */ = {isa = PBXFileReference; lastKnownFileType = sourcecode.swift; path = SessionEndsInUITests.swift; sourceTree = "<group>"; };
		4703B7381C944BAF00BBF3B1 /* Info.plist */ = {isa = PBXFileReference; lastKnownFileType = text.plist.xml; path = Info.plist; sourceTree = "<group>"; };
		476592611C9487D90073E31B /* StartViewController.swift */ = {isa = PBXFileReference; fileEncoding = 4; lastKnownFileType = sourcecode.swift; path = StartViewController.swift; sourceTree = "<group>"; };
		476592631C9488B20073E31B /* ActionViewController.swift */ = {isa = PBXFileReference; fileEncoding = 4; lastKnownFileType = sourcecode.swift; path = ActionViewController.swift; sourceTree = "<group>"; };
		476592651C94E7430073E31B /* MyButtonProperty.swift */ = {isa = PBXFileReference; fileEncoding = 4; lastKnownFileType = sourcecode.swift; path = MyButtonProperty.swift; sourceTree = "<group>"; };
/* End PBXFileReference section */

/* Begin PBXFrameworksBuildPhase section */
		4703B7101C944BAF00BBF3B1 /* Frameworks */ = {
			isa = PBXFrameworksBuildPhase;
			buildActionMask = 2147483647;
			files = (
			);
			runOnlyForDeploymentPostprocessing = 0;
		};
		4703B7241C944BAF00BBF3B1 /* Frameworks */ = {
			isa = PBXFrameworksBuildPhase;
			buildActionMask = 2147483647;
			files = (
			);
			runOnlyForDeploymentPostprocessing = 0;
		};
		4703B72F1C944BAF00BBF3B1 /* Frameworks */ = {
			isa = PBXFrameworksBuildPhase;
			buildActionMask = 2147483647;
			files = (
			);
			runOnlyForDeploymentPostprocessing = 0;
		};
/* End PBXFrameworksBuildPhase section */

/* Begin PBXGroup section */
		4703B70A1C944BAF00BBF3B1 = {
			isa = PBXGroup;
			children = (
				4703B7151C944BAF00BBF3B1 /* SessionEndsIn */,
				4703B72A1C944BAF00BBF3B1 /* SessionEndsInTests */,
				4703B7351C944BAF00BBF3B1 /* SessionEndsInUITests */,
				4703B7141C944BAF00BBF3B1 /* Products */,
			);
			sourceTree = "<group>";
		};
		4703B7141C944BAF00BBF3B1 /* Products */ = {
			isa = PBXGroup;
			children = (
				4703B7131C944BAF00BBF3B1 /* Lecture Ends In.app */,
				4703B7271C944BAF00BBF3B1 /* SessionEndsInTests.xctest */,
				4703B7321C944BAF00BBF3B1 /* SessionEndsInUITests.xctest */,
			);
			name = Products;
			sourceTree = "<group>";
		};
		4703B7151C944BAF00BBF3B1 /* SessionEndsIn */ = {
			isa = PBXGroup;
			children = (
				4703B7161C944BAF00BBF3B1 /* AppDelegate.swift */,
				476592631C9488B20073E31B /* ActionViewController.swift */,
				476592611C9487D90073E31B /* StartViewController.swift */,
				476592651C94E7430073E31B /* MyButtonProperty.swift */,
				4703B71A1C944BAF00BBF3B1 /* Main.storyboard */,
				4703B71D1C944BAF00BBF3B1 /* Assets.xcassets */,
				4703B71F1C944BAF00BBF3B1 /* LaunchScreen.storyboard */,
				4703B7221C944BAF00BBF3B1 /* Info.plist */,
			);
			path = SessionEndsIn;
			sourceTree = "<group>";
		};
		4703B72A1C944BAF00BBF3B1 /* SessionEndsInTests */ = {
			isa = PBXGroup;
			children = (
				4703B72B1C944BAF00BBF3B1 /* SessionEndsInTests.swift */,
				4703B72D1C944BAF00BBF3B1 /* Info.plist */,
			);
			path = SessionEndsInTests;
			sourceTree = "<group>";
		};
		4703B7351C944BAF00BBF3B1 /* SessionEndsInUITests */ = {
			isa = PBXGroup;
			children = (
				4703B7361C944BAF00BBF3B1 /* SessionEndsInUITests.swift */,
				4703B7381C944BAF00BBF3B1 /* Info.plist */,
			);
			path = SessionEndsInUITests;
			sourceTree = "<group>";
		};
/* End PBXGroup section */

/* Begin PBXNativeTarget section */
		4703B7121C944BAF00BBF3B1 /* SessionEndsIn */ = {
			isa = PBXNativeTarget;
			buildConfigurationList = 4703B73B1C944BAF00BBF3B1 /* Build configuration list for PBXNativeTarget "SessionEndsIn" */;
			buildPhases = (
				4703B70F1C944BAF00BBF3B1 /* Sources */,
				4703B7101C944BAF00BBF3B1 /* Frameworks */,
				4703B7111C944BAF00BBF3B1 /* Resources */,
			);
			buildRules = (
			);
			dependencies = (
			);
			name = SessionEndsIn;
			productName = SessionEndsIn;
			productReference = 4703B7131C944BAF00BBF3B1 /* Lecture Ends In.app */;
			productType = "com.apple.product-type.application";
		};
		4703B7261C944BAF00BBF3B1 /* SessionEndsInTests */ = {
			isa = PBXNativeTarget;
			buildConfigurationList = 4703B73E1C944BAF00BBF3B1 /* Build configuration list for PBXNativeTarget "SessionEndsInTests" */;
			buildPhases = (
				4703B7231C944BAF00BBF3B1 /* Sources */,
				4703B7241C944BAF00BBF3B1 /* Frameworks */,
				4703B7251C944BAF00BBF3B1 /* Resources */,
			);
			buildRules = (
			);
			dependencies = (
				4703B7291C944BAF00BBF3B1 /* PBXTargetDependency */,
			);
			name = SessionEndsInTests;
			productName = SessionEndsInTests;
			productReference = 4703B7271C944BAF00BBF3B1 /* SessionEndsInTests.xctest */;
			productType = "com.apple.product-type.bundle.unit-test";
		};
		4703B7311C944BAF00BBF3B1 /* SessionEndsInUITests */ = {
			isa = PBXNativeTarget;
			buildConfigurationList = 4703B7411C944BAF00BBF3B1 /* Build configuration list for PBXNativeTarget "SessionEndsInUITests" */;
			buildPhases = (
				4703B72E1C944BAF00BBF3B1 /* Sources */,
				4703B72F1C944BAF00BBF3B1 /* Frameworks */,
				4703B7301C944BAF00BBF3B1 /* Resources */,
			);
			buildRules = (
			);
			dependencies = (
				4703B7341C944BAF00BBF3B1 /* PBXTargetDependency */,
			);
			name = SessionEndsInUITests;
			productName = SessionEndsInUITests;
			productReference = 4703B7321C944BAF00BBF3B1 /* SessionEndsInUITests.xctest */;
			productType = "com.apple.product-type.bundle.ui-testing";
		};
/* End PBXNativeTarget section */

/* Begin PBXProject section */
		4703B70B1C944BAF00BBF3B1 /* Project object */ = {
			isa = PBXProject;
			attributes = {
				LastSwiftUpdateCheck = 0720;
				LastUpgradeCheck = 0720;
				ORGANIZATIONNAME = "Norman Sutorius";
				TargetAttributes = {
					4703B7121C944BAF00BBF3B1 = {
						CreatedOnToolsVersion = 7.2.1;
						DevelopmentTeam = YPAQTQ6HDQ;
					};
					4703B7261C944BAF00BBF3B1 = {
						CreatedOnToolsVersion = 7.2.1;
						DevelopmentTeam = YPAQTQ6HDQ;
						TestTargetID = 4703B7121C944BAF00BBF3B1;
					};
					4703B7311C944BAF00BBF3B1 = {
						CreatedOnToolsVersion = 7.2.1;
						DevelopmentTeam = YPAQTQ6HDQ;
						TestTargetID = 4703B7121C944BAF00BBF3B1;
					};
				};
			};
			buildConfigurationList = 4703B70E1C944BAF00BBF3B1 /* Build configuration list for PBXProject "SessionEndsIn" */;
			compatibilityVersion = "Xcode 3.2";
			developmentRegion = English;
			hasScannedForEncodings = 0;
			knownRegions = (
				en,
				Base,
			);
			mainGroup = 4703B70A1C944BAF00BBF3B1;
			productRefGroup = 4703B7141C944BAF00BBF3B1 /* Products */;
			projectDirPath = "";
			projectRoot = "";
			targets = (
				4703B7121C944BAF00BBF3B1 /* SessionEndsIn */,
				4703B7261C944BAF00BBF3B1 /* SessionEndsInTests */,
				4703B7311C944BAF00BBF3B1 /* SessionEndsInUITests */,
			);
		};
/* End PBXProject section */

/* Begin PBXResourcesBuildPhase section */
		4703B7111C944BAF00BBF3B1 /* Resources */ = {
			isa = PBXResourcesBuildPhase;
			buildActionMask = 2147483647;
			files = (
				4703B7211C944BAF00BBF3B1 /* LaunchScreen.storyboard in Resources */,
				4703B71E1C944BAF00BBF3B1 /* Assets.xcassets in Resources */,
				4703B71C1C944BAF00BBF3B1 /* Main.storyboard in Resources */,
			);
			runOnlyForDeploymentPostprocessing = 0;
		};
		4703B7251C944BAF00BBF3B1 /* Resources */ = {
			isa = PBXResourcesBuildPhase;
			buildActionMask = 2147483647;
			files = (
			);
			runOnlyForDeploymentPostprocessing = 0;
		};
		4703B7301C944BAF00BBF3B1 /* Resources */ = {
			isa = PBXResourcesBuildPhase;
			buildActionMask = 2147483647;
			files = (
			);
			runOnlyForDeploymentPostprocessing = 0;
		};
/* End PBXResourcesBuildPhase section */

/* Begin PBXSourcesBuildPhase section */
		4703B70F1C944BAF00BBF3B1 /* Sources */ = {
			isa = PBXSourcesBuildPhase;
			buildActionMask = 2147483647;
			files = (
				476592661C94E7430073E31B /* MyButtonProperty.swift in Sources */,
				476592621C9487D90073E31B /* StartViewController.swift in Sources */,
				476592641C9488B20073E31B /* ActionViewController.swift in Sources */,
				4703B7171C944BAF00BBF3B1 /* AppDelegate.swift in Sources */,
			);
			runOnlyForDeploymentPostprocessing = 0;
		};
		4703B7231C944BAF00BBF3B1 /* Sources */ = {
			isa = PBXSourcesBuildPhase;
			buildActionMask = 2147483647;
			files = (
				4703B72C1C944BAF00BBF3B1 /* SessionEndsInTests.swift in Sources */,
			);
			runOnlyForDeploymentPostprocessing = 0;
		};
		4703B72E1C944BAF00BBF3B1 /* Sources */ = {
			isa = PBXSourcesBuildPhase;
			buildActionMask = 2147483647;
			files = (
				4703B7371C944BAF00BBF3B1 /* SessionEndsInUITests.swift in Sources */,
			);
			runOnlyForDeploymentPostprocessing = 0;
		};
/* End PBXSourcesBuildPhase section */

/* Begin PBXTargetDependency section */
		4703B7291C944BAF00BBF3B1 /* PBXTargetDependency */ = {
			isa = PBXTargetDependency;
			target = 4703B7121C944BAF00BBF3B1 /* SessionEndsIn */;
			targetProxy = 4703B7281C944BAF00BBF3B1 /* PBXContainerItemProxy */;
		};
		4703B7341C944BAF00BBF3B1 /* PBXTargetDependency */ = {
			isa = PBXTargetDependency;
			target = 4703B7121C944BAF00BBF3B1 /* SessionEndsIn */;
			targetProxy = 4703B7331C944BAF00BBF3B1 /* PBXContainerItemProxy */;
		};
/* End PBXTargetDependency section */

/* Begin PBXVariantGroup section */
		4703B71A1C944BAF00BBF3B1 /* Main.storyboard */ = {
			isa = PBXVariantGroup;
			children = (
				4703B71B1C944BAF00BBF3B1 /* Base */,
			);
			name = Main.storyboard;
			sourceTree = "<group>";
		};
		4703B71F1C944BAF00BBF3B1 /* LaunchScreen.storyboard */ = {
			isa = PBXVariantGroup;
			children = (
				4703B7201C944BAF00BBF3B1 /* Base */,
			);
			name = LaunchScreen.storyboard;
			sourceTree = "<group>";
		};
/* End PBXVariantGroup section */

/* Begin XCBuildConfiguration section */
		4703B7391C944BAF00BBF3B1 /* Debug */ = {
			isa = XCBuildConfiguration;
			buildSettings = {
				ALWAYS_SEARCH_USER_PATHS = NO;
				CLANG_CXX_LANGUAGE_STANDARD = "gnu++0x";
				CLANG_CXX_LIBRARY = "libc++";
				CLANG_ENABLE_MODULES = YES;
				CLANG_ENABLE_OBJC_ARC = YES;
				CLANG_WARN_BOOL_CONVERSION = YES;
				CLANG_WARN_CONSTANT_CONVERSION = YES;
				CLANG_WARN_DIRECT_OBJC_ISA_USAGE = YES_ERROR;
				CLANG_WARN_EMPTY_BODY = YES;
				CLANG_WARN_ENUM_CONVERSION = YES;
				CLANG_WARN_INT_CONVERSION = YES;
				CLANG_WARN_OBJC_ROOT_CLASS = YES_ERROR;
				CLANG_WARN_UNREACHABLE_CODE = YES;
				CLANG_WARN__DUPLICATE_METHOD_MATCH = YES;
				"CODE_SIGN_IDENTITY[sdk=iphoneos*]" = "iPhone Developer";
				COPY_PHASE_STRIP = NO;
				DEBUG_INFORMATION_FORMAT = dwarf;
				ENABLE_STRICT_OBJC_MSGSEND = YES;
				ENABLE_TESTABILITY = YES;
				GCC_C_LANGUAGE_STANDARD = gnu99;
				GCC_DYNAMIC_NO_PIC = NO;
				GCC_NO_COMMON_BLOCKS = YES;
				GCC_OPTIMIZATION_LEVEL = 0;
				GCC_PREPROCESSOR_DEFINITIONS = (
					"DEBUG=1",
					"$(inherited)",
				);
				GCC_WARN_64_TO_32_BIT_CONVERSION = YES;
				GCC_WARN_ABOUT_RETURN_TYPE = YES_ERROR;
				GCC_WARN_UNDECLARED_SELECTOR = YES;
				GCC_WARN_UNINITIALIZED_AUTOS = YES_AGGRESSIVE;
				GCC_WARN_UNUSED_FUNCTION = YES;
				GCC_WARN_UNUSED_VARIABLE = YES;
				IPHONEOS_DEPLOYMENT_TARGET = 9.2;
				MTL_ENABLE_DEBUG_INFO = YES;
				ONLY_ACTIVE_ARCH = YES;
				SDKROOT = iphoneos;
				SWIFT_OPTIMIZATION_LEVEL = "-Onone";
				TARGETED_DEVICE_FAMILY = "1,2";
			};
			name = Debug;
		};
		4703B73A1C944BAF00BBF3B1 /* Release */ = {
			isa = XCBuildConfiguration;
			buildSettings = {
				ALWAYS_SEARCH_USER_PATHS = NO;
				CLANG_CXX_LANGUAGE_STANDARD = "gnu++0x";
				CLANG_CXX_LIBRARY = "libc++";
				CLANG_ENABLE_MODULES = YES;
				CLANG_ENABLE_OBJC_ARC = YES;
				CLANG_WARN_BOOL_CONVERSION = YES;
				CLANG_WARN_CONSTANT_CONVERSION = YES;
				CLANG_WARN_DIRECT_OBJC_ISA_USAGE = YES_ERROR;
				CLANG_WARN_EMPTY_BODY = YES;
				CLANG_WARN_ENUM_CONVERSION = YES;
				CLANG_WARN_INT_CONVERSION = YES;
				CLANG_WARN_OBJC_ROOT_CLASS = YES_ERROR;
				CLANG_WARN_UNREACHABLE_CODE = YES;
				CLANG_WARN__DUPLICATE_METHOD_MATCH = YES;
				"CODE_SIGN_IDENTITY[sdk=iphoneos*]" = "iPhone Developer";
				COPY_PHASE_STRIP = NO;
				DEBUG_INFORMATION_FORMAT = "dwarf-with-dsym";
				ENABLE_NS_ASSERTIONS = NO;
				ENABLE_STRICT_OBJC_MSGSEND = YES;
				GCC_C_LANGUAGE_STANDARD = gnu99;
				GCC_NO_COMMON_BLOCKS = YES;
				GCC_WARN_64_TO_32_BIT_CONVERSION = YES;
				GCC_WARN_ABOUT_RETURN_TYPE = YES_ERROR;
				GCC_WARN_UNDECLARED_SELECTOR = YES;
				GCC_WARN_UNINITIALIZED_AUTOS = YES_AGGRESSIVE;
				GCC_WARN_UNUSED_FUNCTION = YES;
				GCC_WARN_UNUSED_VARIABLE = YES;
				IPHONEOS_DEPLOYMENT_TARGET = 9.2;
				MTL_ENABLE_DEBUG_INFO = NO;
				SDKROOT = iphoneos;
				TARGETED_DEVICE_FAMILY = "1,2";
				VALIDATE_PRODUCT = YES;
			};
			name = Release;
		};
		4703B73C1C944BAF00BBF3B1 /* Debug */ = {
			isa = XCBuildConfiguration;
			buildSettings = {
				ASSETCATALOG_COMPILER_APPICON_NAME = AppIcon;
				CODE_SIGN_IDENTITY = "iPhone Developer";
				INFOPLIST_FILE = SessionEndsIn/Info.plist;
				IPHONEOS_DEPLOYMENT_TARGET = 9.3;
				LD_RUNPATH_SEARCH_PATHS = "$(inherited) @executable_path/Frameworks";
				PRODUCT_BUNDLE_IDENTIFIER = com.sutorius.de.SessionEndsIn;
				PRODUCT_NAME = "Lecture Ends In";
			};
			name = Debug;
		};
		4703B73D1C944BAF00BBF3B1 /* Release */ = {
			isa = XCBuildConfiguration;
			buildSettings = {
				ASSETCATALOG_COMPILER_APPICON_NAME = AppIcon;
				CODE_SIGN_IDENTITY = "iPhone Developer";
				INFOPLIST_FILE = SessionEndsIn/Info.plist;
				IPHONEOS_DEPLOYMENT_TARGET = 9.3;
				LD_RUNPATH_SEARCH_PATHS = "$(inherited) @executable_path/Frameworks";
				PRODUCT_BUNDLE_IDENTIFIER = com.sutorius.de.SessionEndsIn;
				PRODUCT_NAME = "Lecture Ends In";
			};
			name = Release;
		};
		4703B73F1C944BAF00BBF3B1 /* Debug */ = {
			isa = XCBuildConfiguration;
			buildSettings = {
				BUNDLE_LOADER = "$(TEST_HOST)";
				INFOPLIST_FILE = SessionEndsInTests/Info.plist;
				LD_RUNPATH_SEARCH_PATHS = "$(inherited) @executable_path/Frameworks @loader_path/Frameworks";
				PRODUCT_BUNDLE_IDENTIFIER = com.sutorius.de.SessionEndsInTests;
				PRODUCT_NAME = "$(TARGET_NAME)";
				TEST_HOST = "$(BUILT_PRODUCTS_DIR)/SessionEndsIn.app/SessionEndsIn";
			};
			name = Debug;
		};
		4703B7401C944BAF00BBF3B1 /* Release */ = {
			isa = XCBuildConfiguration;
			buildSettings = {
				BUNDLE_LOADER = "$(TEST_HOST)";
				INFOPLIST_FILE = SessionEndsInTests/Info.plist;
				LD_RUNPATH_SEARCH_PATHS = "$(inherited) @executable_path/Frameworks @loader_path/Frameworks";
				PRODUCT_BUNDLE_IDENTIFIER = com.sutorius.de.SessionEndsInTests;
				PRODUCT_NAME = "$(TARGET_NAME)";
				TEST_HOST = "$(BUILT_PRODUCTS_DIR)/SessionEndsIn.app/SessionEndsIn";
			};
			name = Release;
		};
		4703B7421C944BAF00BBF3B1 /* Debug */ = {
			isa = XCBuildConfiguration;
			buildSettings = {
				INFOPLIST_FILE = SessionEndsInUITests/Info.plist;
				LD_RUNPATH_SEARCH_PATHS = "$(inherited) @executable_path/Frameworks @loader_path/Frameworks";
				PRODUCT_BUNDLE_IDENTIFIER = com.sutorius.de.SessionEndsInUITests;
				PRODUCT_NAME = "$(TARGET_NAME)";
				TEST_TARGET_NAME = SessionEndsIn;
				USES_XCTRUNNER = YES;
			};
			name = Debug;
		};
		4703B7431C944BAF00BBF3B1 /* Release */ = {
			isa = XCBuildConfiguration;
			buildSettings = {
				INFOPLIST_FILE = SessionEndsInUITests/Info.plist;
				LD_RUNPATH_SEARCH_PATHS = "$(inherited) @executable_path/Frameworks @loader_path/Frameworks";
				PRODUCT_BUNDLE_IDENTIFIER = com.sutorius.de.SessionEndsInUITests;
				PRODUCT_NAME = "$(TARGET_NAME)";
				TEST_TARGET_NAME = SessionEndsIn;
				USES_XCTRUNNER = YES;
			};
			name = Release;
		};
/* End XCBuildConfiguration section */

/* Begin XCConfigurationList section */
		4703B70E1C944BAF00BBF3B1 /* Build configuration list for PBXProject "SessionEndsIn" */ = {
			isa = XCConfigurationList;
			buildConfigurations = (
				4703B7391C944BAF00BBF3B1 /* Debug */,
				4703B73A1C944BAF00BBF3B1 /* Release */,
			);
			defaultConfigurationIsVisible = 0;
			defaultConfigurationName = Release;
		};
		4703B73B1C944BAF00BBF3B1 /* Build configuration list for PBXNativeTarget "SessionEndsIn" */ = {
			isa = XCConfigurationList;
			buildConfigurations = (
				4703B73C1C944BAF00BBF3B1 /* Debug */,
				4703B73D1C944BAF00BBF3B1 /* Release */,
			);
			defaultConfigurationIsVisible = 0;
			defaultConfigurationName = Release;
		};
		4703B73E1C944BAF00BBF3B1 /* Build configuration list for PBXNativeTarget "SessionEndsInTests" */ = {
			isa = XCConfigurationList;
			buildConfigurations = (
				4703B73F1C944BAF00BBF3B1 /* Debug */,
				4703B7401C944BAF00BBF3B1 /* Release */,
			);
			defaultConfigurationIsVisible = 0;
			defaultConfigurationName = Release;
		};
		4703B7411C944BAF00BBF3B1 /* Build configuration list for PBXNativeTarget "SessionEndsInUITests" */ = {
			isa = XCConfigurationList;
			buildConfigurations = (
				4703B7421C944BAF00BBF3B1 /* Debug */,
				4703B7431C944BAF00BBF3B1 /* Release */,
			);
			defaultConfigurationIsVisible = 0;
			defaultConfigurationName = Release;
		};
/* End XCConfigurationList section */
	};
	rootObject = 4703B70B1C944BAF00BBF3B1 /* Project object */;
}
